
Microsoft Visual Studio Solution File, Format Version 12.00
# Visual Studio Version 17
VisualStudioVersion = 17.1.32210.238
MinimumVisualStudioVersion = 10.0.40219.1
Project("{FAE04EC0-301F-11D3-BF4B-00C04F79EFBC}") = "EmployeeManagement", "EmployeeManagement.csproj", "{A413E755-2B11-4F5C-9662-EFE0DCBE7EA5}"
EndProject
Global
	GlobalSection(SolutionConfigurationPlatforms) = preSolution
		Debug|Any CPU = Debug|Any CPU
		Release|Any CPU = Release|Any CPU
	EndGlobalSection
	GlobalSection(ProjectConfigurationPlatforms) = postSolution
		{A413E755-2B11-4F5C-9662-EFE0DCBE7EA5}.Debug|Any CPU.ActiveCfg = Debug|Any CPU
		{A413E755-2B11-4F5C-9662-EFE0DCBE7EA5}.Debug|Any CPU.Build.0 = Debug|Any CPU
		{A413E755-2B11-4F5C-9662-EFE0DCBE7EA5}.Release|Any CPU.ActiveCfg = Release|Any CPU
		{A413E755-2B11-4F5C-9662-EFE0DCBE7EA5}.Release|Any CPU.Build.0 = Release|Any CPU
	EndGlobalSection
	GlobalSection(SolutionProperties) = preSolution
		HideSolutionNode = FALSE
	EndGlobalSection
	GlobalSection(ExtensibilityGlobals) = postSolution
		SolutionGuid = {817A6C1B-9FDC-4144-A74A-0F2B195029FE}
	EndGlobalSection
EndGlobal
